
Microsoft Visual Studio Solution File, Format Version 12.00
# Visual Studio Version 16
VisualStudioVersion = 16.0.28803.202
MinimumVisualStudioVersion = 10.0.40219.1
Project("{9A19103F-16F7-4668-BE54-9A1E7A4F7556}") = "Stack.WeChat.WebAPI", "Stack.WeChat.WebAPI\Stack.WeChat.WebAPI.csproj", "{F39FB71A-0DEA-4F90-8B5B-01797E37D452}"
EndProject
Project("{9A19103F-16F7-4668-BE54-9A1E7A4F7556}") = "Stack.WeChat.Contracts", "Stack.WeChat.Contracts\Stack.WeChat.Contracts.csproj", "{46D6BB49-5A53-45FB-860A-DCFC7B754141}"
EndProject
Project("{9A19103F-16F7-4668-BE54-9A1E7A4F7556}") = "Stack.WeChat.Utils", "Stack.WeChat.Utils\Stack.WeChat.Utils.csproj", "{F1B58EC7-C918-4673-A4C9-1CDB2FBE72FD}"
EndProject
Project("{2150E333-8FDC-42A3-9474-1A3956D46DE8}") = "00.Stack.WeChat.Common", "00.Stack.WeChat.Common", "{CB6E5845-1749-4C4D-AC47-286F0D834699}"
EndProject
Project("{9A19103F-16F7-4668-BE54-9A1E7A4F7556}") = "Stack.WeChat.Service", "Stack.WeChat.Service\Stack.WeChat.Service.csproj", "{9A772ACA-802D-4D93-8F4F-C7DA58EBBEE1}"
EndProject
Project("{2150E333-8FDC-42A3-9474-1A3956D46DE8}") = "02.Stack.WeChat.Business", "02.Stack.WeChat.Business", "{06C20283-8788-4E96-8E83-42340AEA56E3}"
EndProject
Project("{9A19103F-16F7-4668-BE54-9A1E7A4F7556}") = "Stack.WeChat.DataContract", "Stack.WeChat.DataContract\Stack.WeChat.DataContract.csproj", "{C107185B-2D19-41A6-AD28-0C5AF1B0F624}"
EndProject
Project("{9A19103F-16F7-4668-BE54-9A1E7A4F7556}") = "Stack.WeChat.MP", "Stack.WeChat.MP\Stack.WeChat.MP.csproj", "{29458EA1-1F25-40B9-A408-ECBADD6EAEA0}"
EndProject
Project("{FAE04EC0-301F-11D3-BF4B-00C04F79EFBC}") = "Stack.WeChat.Log4Net", "Stack.WeChat.Log4Net\Stack.WeChat.Log4Net.csproj", "{B7E2DFE2-2411-4BBF-9C49-1C38D7394CFF}"
EndProject
Project("{2150E333-8FDC-42A3-9474-1A3956D46DE8}") = "01.Stack.WeChat.ORM", "01.Stack.WeChat.ORM", "{FF4C2A7A-34BF-429E-9924-A8A694CC91F8}"
EndProject
Project("{9A19103F-16F7-4668-BE54-9A1E7A4F7556}") = "Stack.WeChat.Repository", "Stack.WeChat.Repository\Stack.WeChat.Repository.csproj", "{F8940034-A8D7-4251-BEBC-A43DF1022389}"
EndProject
Project("{9A19103F-16F7-4668-BE54-9A1E7A4F7556}") = "Stack.WeChat.EntityFrameworkCore", "Stack.WeChat.EntityFrameworkCore\Stack.WeChat.EntityFrameworkCore.csproj", "{B9ECE391-1547-42EC-B065-9B14F2217877}"
EndProject
Global
	GlobalSection(SolutionConfigurationPlatforms) = preSolution
		Debug|Any CPU = Debug|Any CPU
		Release|Any CPU = Release|Any CPU
	EndGlobalSection
	GlobalSection(ProjectConfigurationPlatforms) = postSolution
		{F39FB71A-0DEA-4F90-8B5B-01797E37D452}.Debug|Any CPU.ActiveCfg = Debug|Any CPU
		{F39FB71A-0DEA-4F90-8B5B-01797E37D452}.Debug|Any CPU.Build.0 = Debug|Any CPU
		{F39FB71A-0DEA-4F90-8B5B-01797E37D452}.Release|Any CPU.ActiveCfg = Release|Any CPU
		{F39FB71A-0DEA-4F90-8B5B-01797E37D452}.Release|Any CPU.Build.0 = Release|Any CPU
		{46D6BB49-5A53-45FB-860A-DCFC7B754141}.Debug|Any CPU.ActiveCfg = Debug|Any CPU
		{46D6BB49-5A53-45FB-860A-DCFC7B754141}.Debug|Any CPU.Build.0 = Debug|Any CPU
		{46D6BB49-5A53-45FB-860A-DCFC7B754141}.Release|Any CPU.ActiveCfg = Release|Any CPU
		{46D6BB49-5A53-45FB-860A-DCFC7B754141}.Release|Any CPU.Build.0 = Release|Any CPU
		{F1B58EC7-C918-4673-A4C9-1CDB2FBE72FD}.Debug|Any CPU.ActiveCfg = Debug|Any CPU
		{F1B58EC7-C918-4673-A4C9-1CDB2FBE72FD}.Debug|Any CPU.Build.0 = Debug|Any CPU
		{F1B58EC7-C918-4673-A4C9-1CDB2FBE72FD}.Release|Any CPU.ActiveCfg = Release|Any CPU
		{F1B58EC7-C918-4673-A4C9-1CDB2FBE72FD}.Release|Any CPU.Build.0 = Release|Any CPU
		{9A772ACA-802D-4D93-8F4F-C7DA58EBBEE1}.Debug|Any CPU.ActiveCfg = Debug|Any CPU
		{9A772ACA-802D-4D93-8F4F-C7DA58EBBEE1}.Debug|Any CPU.Build.0 = Debug|Any CPU
		{9A772ACA-802D-4D93-8F4F-C7DA58EBBEE1}.Release|Any CPU.ActiveCfg = Release|Any CPU
		{9A772ACA-802D-4D93-8F4F-C7DA58EBBEE1}.Release|Any CPU.Build.0 = Release|Any CPU
		{C107185B-2D19-41A6-AD28-0C5AF1B0F624}.Debug|Any CPU.ActiveCfg = Debug|Any CPU
		{C107185B-2D19-41A6-AD28-0C5AF1B0F624}.Debug|Any CPU.Build.0 = Debug|Any CPU
		{C107185B-2D19-41A6-AD28-0C5AF1B0F624}.Release|Any CPU.ActiveCfg = Release|Any CPU
		{C107185B-2D19-41A6-AD28-0C5AF1B0F624}.Release|Any CPU.Build.0 = Release|Any CPU
		{29458EA1-1F25-40B9-A408-ECBADD6EAEA0}.Debug|Any CPU.ActiveCfg = Debug|Any CPU
		{29458EA1-1F25-40B9-A408-ECBADD6EAEA0}.Debug|Any CPU.Build.0 = Debug|Any CPU
		{29458EA1-1F25-40B9-A408-ECBADD6EAEA0}.Release|Any CPU.ActiveCfg = Release|Any CPU
		{29458EA1-1F25-40B9-A408-ECBADD6EAEA0}.Release|Any CPU.Build.0 = Release|Any CPU
		{B7E2DFE2-2411-4BBF-9C49-1C38D7394CFF}.Debug|Any CPU.ActiveCfg = Debug|Any CPU
		{B7E2DFE2-2411-4BBF-9C49-1C38D7394CFF}.Debug|Any CPU.Build.0 = Debug|Any CPU
		{B7E2DFE2-2411-4BBF-9C49-1C38D7394CFF}.Release|Any CPU.ActiveCfg = Release|Any CPU
		{B7E2DFE2-2411-4BBF-9C49-1C38D7394CFF}.Release|Any CPU.Build.0 = Release|Any CPU
		{F8940034-A8D7-4251-BEBC-A43DF1022389}.Debug|Any CPU.ActiveCfg = Debug|Any CPU
		{F8940034-A8D7-4251-BEBC-A43DF1022389}.Debug|Any CPU.Build.0 = Debug|Any CPU
		{F8940034-A8D7-4251-BEBC-A43DF1022389}.Release|Any CPU.ActiveCfg = Release|Any CPU
		{F8940034-A8D7-4251-BEBC-A43DF1022389}.Release|Any CPU.Build.0 = Release|Any CPU
		{B9ECE391-1547-42EC-B065-9B14F2217877}.Debug|Any CPU.ActiveCfg = Debug|Any CPU
		{B9ECE391-1547-42EC-B065-9B14F2217877}.Debug|Any CPU.Build.0 = Debug|Any CPU
		{B9ECE391-1547-42EC-B065-9B14F2217877}.Release|Any CPU.ActiveCfg = Release|Any CPU
		{B9ECE391-1547-42EC-B065-9B14F2217877}.Release|Any CPU.Build.0 = Release|Any CPU
	EndGlobalSection
	GlobalSection(SolutionProperties) = preSolution
		HideSolutionNode = FALSE
	EndGlobalSection
	GlobalSection(NestedProjects) = preSolution
		{46D6BB49-5A53-45FB-860A-DCFC7B754141} = {06C20283-8788-4E96-8E83-42340AEA56E3}
		{F1B58EC7-C918-4673-A4C9-1CDB2FBE72FD} = {CB6E5845-1749-4C4D-AC47-286F0D834699}
		{9A772ACA-802D-4D93-8F4F-C7DA58EBBEE1} = {06C20283-8788-4E96-8E83-42340AEA56E3}
		{C107185B-2D19-41A6-AD28-0C5AF1B0F624} = {CB6E5845-1749-4C4D-AC47-286F0D834699}
		{29458EA1-1F25-40B9-A408-ECBADD6EAEA0} = {CB6E5845-1749-4C4D-AC47-286F0D834699}
		{B7E2DFE2-2411-4BBF-9C49-1C38D7394CFF} = {CB6E5845-1749-4C4D-AC47-286F0D834699}
		{F8940034-A8D7-4251-BEBC-A43DF1022389} = {FF4C2A7A-34BF-429E-9924-A8A694CC91F8}
		{B9ECE391-1547-42EC-B065-9B14F2217877} = {FF4C2A7A-34BF-429E-9924-A8A694CC91F8}
	EndGlobalSection
	GlobalSection(ExtensibilityGlobals) = postSolution
		SolutionGuid = {F997F2A0-743B-4A74-BECA-3E0D88C654F6}
	EndGlobalSection
EndGlobal
